
Microsoft Visual Studio Solution File, Format Version 12.00
# Visual Studio Version 16
VisualStudioVersion = 16.0.30011.22
MinimumVisualStudioVersion = 10.0.40219.1
Project("{FAE04EC0-301F-11D3-BF4B-00C04F79EFBC}") = "ChecksumManager", "ChecksumManager\ChecksumManager.csproj", "{B36D0236-7764-489D-BE1B-ABEB6F764D79}"
EndProject
Global
	GlobalSection(SolutionConfigurationPlatforms) = preSolution
		Debug|Any CPU = Debug|Any CPU
		Release|Any CPU = Release|Any CPU
	EndGlobalSection
	GlobalSection(ProjectConfigurationPlatforms) = postSolution
		{B36D0236-7764-489D-BE1B-ABEB6F764D79}.Debug|Any CPU.ActiveCfg = Debug|Any CPU
		{B36D0236-7764-489D-BE1B-ABEB6F764D79}.Debug|Any CPU.Build.0 = Debug|Any CPU
		{B36D0236-7764-489D-BE1B-ABEB6F764D79}.Release|Any CPU.ActiveCfg = Release|Any CPU
		{B36D0236-7764-489D-BE1B-ABEB6F764D79}.Release|Any CPU.Build.0 = Release|Any CPU
	EndGlobalSection
	GlobalSection(SolutionProperties) = preSolution
		HideSolutionNode = FALSE
	EndGlobalSection
	GlobalSection(ExtensibilityGlobals) = postSolution
		SolutionGuid = {FBDDFF3E-6762-486F-AD02-AE23EB76F0F1}
	EndGlobalSection
EndGlobal
